// !$*UTF8*$!
{
	archiveVersion = 1;
	classes = {
	};
	objectVersion = 77;
	objects = {

/* Begin PBXBuildFile section */
		1525BAA72D9ED68D009BBCC0 /* Appetizer.swift in Sources */ = {isa = PBXBuildFile; fileRef = 1525BAA62D9ED68D009BBCC0 /* Appetizer.swift */; };
		1525BAA92D9EDA17009BBCC0 /* AppetizerCellView.swift in Sources */ = {isa = PBXBuildFile; fileRef = 1525BAA82D9EDA17009BBCC0 /* AppetizerCellView.swift */; };
		1525BAB32D9EDE61009BBCC0 /* NetworkManager.swift in Sources */ = {isa = PBXBuildFile; fileRef = 1525BAB22D9EDE61009BBCC0 /* NetworkManager.swift */; };
		1525BAB62D9EDF8E009BBCC0 /* APError.swift in Sources */ = {isa = PBXBuildFile; fileRef = 1525BAB52D9EDF8E009BBCC0 /* APError.swift */; };
		1525BAB92D9EE675009BBCC0 /* AppetizersListViewModel.swift in Sources */ = {isa = PBXBuildFile; fileRef = 1525BAB82D9EE675009BBCC0 /* AppetizersListViewModel.swift */; };
		1525BABB2D9EE887009BBCC0 /* Alert.swift in Sources */ = {isa = PBXBuildFile; fileRef = 1525BABA2D9EE887009BBCC0 /* Alert.swift */; };
		159B6BD02D9DC56F00E61294 /* AppetizerListView.swift in Sources */ = {isa = PBXBuildFile; fileRef = 159B6BCF2D9DC56F00E61294 /* AppetizerListView.swift */; };
		159B6BD22D9DC5AA00E61294 /* AccountView.swift in Sources */ = {isa = PBXBuildFile; fileRef = 159B6BD12D9DC5AA00E61294 /* AccountView.swift */; };
		159B6BD42D9DC5BC00E61294 /* OrderView.swift in Sources */ = {isa = PBXBuildFile; fileRef = 159B6BD32D9DC5BC00E61294 /* OrderView.swift */; };
		15C4DA522D9DC4AA0041A308 /* AppetizersApp.swift in Sources */ = {isa = PBXBuildFile; fileRef = 15C4DA4E2D9DC4AA0041A308 /* AppetizersApp.swift */; };
		15C4DA532D9DC4AA0041A308 /* AppetizersTabView.swift in Sources */ = {isa = PBXBuildFile; fileRef = 15C4DA502D9DC4AA0041A308 /* AppetizersTabView.swift */; };
		15C4DA542D9DC4AA0041A308 /* Assets.xcassets in Resources */ = {isa = PBXBuildFile; fileRef = 15C4DA4F2D9DC4AA0041A308 /* Assets.xcassets */; };
		15DF89ED2DA038F300D0B52C /* RemoteImage.swift in Sources */ = {isa = PBXBuildFile; fileRef = 15DF89EC2DA038F200D0B52C /* RemoteImage.swift */; };
		15DF89EF2DA03E7E00D0B52C /* AppetizerDetailView.swift in Sources */ = {isa = PBXBuildFile; fileRef = 15DF89EE2DA03E7E00D0B52C /* AppetizerDetailView.swift */; };
		15DF89F42DA047FC00D0B52C /* XDismissButton.swift in Sources */ = {isa = PBXBuildFile; fileRef = 15DF89F32DA047FC00D0B52C /* XDismissButton.swift */; };
/* End PBXBuildFile section */

/* Begin PBXFileReference section */
		1525BAA62D9ED68D009BBCC0 /* Appetizer.swift */ = {isa = PBXFileReference; lastKnownFileType = sourcecode.swift; path = Appetizer.swift; sourceTree = "<group>"; };
		1525BAA82D9EDA17009BBCC0 /* AppetizerCellView.swift */ = {isa = PBXFileReference; lastKnownFileType = sourcecode.swift; path = AppetizerCellView.swift; sourceTree = "<group>"; };
		1525BAB22D9EDE61009BBCC0 /* NetworkManager.swift */ = {isa = PBXFileReference; lastKnownFileType = sourcecode.swift; path = NetworkManager.swift; sourceTree = "<group>"; };
		1525BAB52D9EDF8E009BBCC0 /* APError.swift */ = {isa = PBXFileReference; lastKnownFileType = sourcecode.swift; path = APError.swift; sourceTree = "<group>"; };
		1525BAB82D9EE675009BBCC0 /* AppetizersListViewModel.swift */ = {isa = PBXFileReference; lastKnownFileType = sourcecode.swift; path = AppetizersListViewModel.swift; sourceTree = "<group>"; };
		1525BABA2D9EE887009BBCC0 /* Alert.swift */ = {isa = PBXFileReference; lastKnownFileType = sourcecode.swift; path = Alert.swift; sourceTree = "<group>"; };
		159B6BCF2D9DC56F00E61294 /* AppetizerListView.swift */ = {isa = PBXFileReference; lastKnownFileType = sourcecode.swift; path = AppetizerListView.swift; sourceTree = "<group>"; };
		159B6BD12D9DC5AA00E61294 /* AccountView.swift */ = {isa = PBXFileReference; lastKnownFileType = sourcecode.swift; path = AccountView.swift; sourceTree = "<group>"; };
		159B6BD32D9DC5BC00E61294 /* OrderView.swift */ = {isa = PBXFileReference; lastKnownFileType = sourcecode.swift; path = OrderView.swift; sourceTree = "<group>"; };
		15C4DA402D9DC49C0041A308 /* Appetizers.app */ = {isa = PBXFileReference; explicitFileType = wrapper.application; includeInIndex = 0; path = Appetizers.app; sourceTree = BUILT_PRODUCTS_DIR; };
		15C4DA4E2D9DC4AA0041A308 /* AppetizersApp.swift */ = {isa = PBXFileReference; lastKnownFileType = sourcecode.swift; path = AppetizersApp.swift; sourceTree = "<group>"; };
		15C4DA4F2D9DC4AA0041A308 /* Assets.xcassets */ = {isa = PBXFileReference; lastKnownFileType = folder.assetcatalog; path = Assets.xcassets; sourceTree = "<group>"; };
		15C4DA502D9DC4AA0041A308 /* AppetizersTabView.swift */ = {isa = PBXFileReference; lastKnownFileType = sourcecode.swift; path = AppetizersTabView.swift; sourceTree = "<group>"; };
		15DF89EC2DA038F200D0B52C /* RemoteImage.swift */ = {isa = PBXFileReference; lastKnownFileType = sourcecode.swift; path = RemoteImage.swift; sourceTree = "<group>"; };
		15DF89EE2DA03E7E00D0B52C /* AppetizerDetailView.swift */ = {isa = PBXFileReference; lastKnownFileType = sourcecode.swift; path = AppetizerDetailView.swift; sourceTree = "<group>"; };
		15DF89F32DA047FC00D0B52C /* XDismissButton.swift */ = {isa = PBXFileReference; lastKnownFileType = sourcecode.swift; path = XDismissButton.swift; sourceTree = "<group>"; };
/* End PBXFileReference section */

/* Begin PBXFrameworksBuildPhase section */
		15C4DA3D2D9DC49C0041A308 /* Frameworks */ = {
			isa = PBXFrameworksBuildPhase;
			buildActionMask = 2147483647;
			files = (
			);
			runOnlyForDeploymentPostprocessing = 0;
		};
/* End PBXFrameworksBuildPhase section */

/* Begin PBXGroup section */
		1525BAAC2D9EDD53009BBCC0 /* Views */ = {
			isa = PBXGroup;
			children = (
				15C4DA502D9DC4AA0041A308 /* AppetizersTabView.swift */,
				1525BAAD2D9EDD67009BBCC0 /* Home */,
				1525BAAE2D9EDDA9009BBCC0 /* Account */,
				1525BAAF2D9EDDBD009BBCC0 /* Order */,
			);
			path = Views;
			sourceTree = "<group>";
		};
		1525BAAD2D9EDD67009BBCC0 /* Home */ = {
			isa = PBXGroup;
			children = (
				159B6BCF2D9DC56F00E61294 /* AppetizerListView.swift */,
				1525BAA82D9EDA17009BBCC0 /* AppetizerCellView.swift */,
				15DF89EE2DA03E7E00D0B52C /* AppetizerDetailView.swift */,
			);
			path = Home;
			sourceTree = "<group>";
		};
		1525BAAE2D9EDDA9009BBCC0 /* Account */ = {
			isa = PBXGroup;
			children = (
				159B6BD12D9DC5AA00E61294 /* AccountView.swift */,
			);
			path = Account;
			sourceTree = "<group>";
		};
		1525BAAF2D9EDDBD009BBCC0 /* Order */ = {
			isa = PBXGroup;
			children = (
				159B6BD32D9DC5BC00E61294 /* OrderView.swift */,
			);
			path = Order;
			sourceTree = "<group>";
		};
		1525BAB02D9EDDEB009BBCC0 /* Model */ = {
			isa = PBXGroup;
			children = (
				1525BAA62D9ED68D009BBCC0 /* Appetizer.swift */,
			);
			path = Model;
			sourceTree = "<group>";
		};
		1525BAB12D9EDE48009BBCC0 /* DataSource */ = {
			isa = PBXGroup;
			children = (
				1525BAB22D9EDE61009BBCC0 /* NetworkManager.swift */,
			);
			path = DataSource;
			sourceTree = "<group>";
		};
		1525BAB42D9EDF76009BBCC0 /* Utilities */ = {
			isa = PBXGroup;
			children = (
				1525BAB52D9EDF8E009BBCC0 /* APError.swift */,
				1525BABA2D9EE887009BBCC0 /* Alert.swift */,
				15DF89EC2DA038F200D0B52C /* RemoteImage.swift */,
				15DF89F32DA047FC00D0B52C /* XDismissButton.swift */,
			);
			path = Utilities;
			sourceTree = "<group>";
		};
		1525BAB72D9EE64D009BBCC0 /* ViewModels */ = {
			isa = PBXGroup;
			children = (
				1525BAB82D9EE675009BBCC0 /* AppetizersListViewModel.swift */,
			);
			path = ViewModels;
			sourceTree = "<group>";
		};
		15C4DA372D9DC49B0041A308 = {
			isa = PBXGroup;
			children = (
				15C4DA512D9DC4AA0041A308 /* Appetizers */,
				15C4DA412D9DC49C0041A308 /* Products */,
			);
			sourceTree = "<group>";
		};
		15C4DA412D9DC49C0041A308 /* Products */ = {
			isa = PBXGroup;
			children = (
				15C4DA402D9DC49C0041A308 /* Appetizers.app */,
			);
			name = Products;
			sourceTree = "<group>";
		};
		15C4DA512D9DC4AA0041A308 /* Appetizers */ = {
			isa = PBXGroup;
			children = (
				15C4DA4E2D9DC4AA0041A308 /* AppetizersApp.swift */,
				1525BAB42D9EDF76009BBCC0 /* Utilities */,
				1525BAB12D9EDE48009BBCC0 /* DataSource */,
				1525BAB02D9EDDEB009BBCC0 /* Model */,
				1525BAAC2D9EDD53009BBCC0 /* Views */,
				1525BAB72D9EE64D009BBCC0 /* ViewModels */,
				15C4DA4F2D9DC4AA0041A308 /* Assets.xcassets */,
			);
			path = Appetizers;
			sourceTree = "<group>";
		};
/* End PBXGroup section */

/* Begin PBXNativeTarget section */
		15C4DA3F2D9DC49C0041A308 /* Appetizers */ = {
			isa = PBXNativeTarget;
			buildConfigurationList = 15C4DA4B2D9DC49D0041A308 /* Build configuration list for PBXNativeTarget "Appetizers" */;
			buildPhases = (
				15C4DA3C2D9DC49C0041A308 /* Sources */,
				15C4DA3D2D9DC49C0041A308 /* Frameworks */,
				15C4DA3E2D9DC49C0041A308 /* Resources */,
			);
			buildRules = (
			);
			dependencies = (
			);
			name = Appetizers;
			packageProductDependencies = (
			);
			productName = Appetizers;
			productReference = 15C4DA402D9DC49C0041A308 /* Appetizers.app */;
			productType = "com.apple.product-type.application";
		};
/* End PBXNativeTarget section */

/* Begin PBXProject section */
		15C4DA382D9DC49C0041A308 /* Project object */ = {
			isa = PBXProject;
			attributes = {
				BuildIndependentTargetsInParallel = 1;
				LastSwiftUpdateCheck = 1630;
				LastUpgradeCheck = 1630;
				TargetAttributes = {
					15C4DA3F2D9DC49C0041A308 = {
						CreatedOnToolsVersion = 16.3;
					};
				};
			};
			buildConfigurationList = 15C4DA3B2D9DC49C0041A308 /* Build configuration list for PBXProject "Appetizers" */;
			developmentRegion = en;
			hasScannedForEncodings = 0;
			knownRegions = (
				en,
				Base,
			);
			mainGroup = 15C4DA372D9DC49B0041A308;
			minimizedProjectReferenceProxies = 1;
			preferredProjectObjectVersion = 77;
			productRefGroup = 15C4DA412D9DC49C0041A308 /* Products */;
			projectDirPath = "";
			projectRoot = "";
			targets = (
				15C4DA3F2D9DC49C0041A308 /* Appetizers */,
			);
		};
/* End PBXProject section */

/* Begin PBXResourcesBuildPhase section */
		15C4DA3E2D9DC49C0041A308 /* Resources */ = {
			isa = PBXResourcesBuildPhase;
			buildActionMask = 2147483647;
			files = (
				15C4DA542D9DC4AA0041A308 /* Assets.xcassets in Resources */,
			);
			runOnlyForDeploymentPostprocessing = 0;
		};
/* End PBXResourcesBuildPhase section */

/* Begin PBXSourcesBuildPhase section */
		15C4DA3C2D9DC49C0041A308 /* Sources */ = {
			isa = PBXSourcesBuildPhase;
			buildActionMask = 2147483647;
			files = (
				1525BAA72D9ED68D009BBCC0 /* Appetizer.swift in Sources */,
				1525BAB92D9EE675009BBCC0 /* AppetizersListViewModel.swift in Sources */,
				1525BAB62D9EDF8E009BBCC0 /* APError.swift in Sources */,
				15DF89ED2DA038F300D0B52C /* RemoteImage.swift in Sources */,
				159B6BD22D9DC5AA00E61294 /* AccountView.swift in Sources */,
				15C4DA522D9DC4AA0041A308 /* AppetizersApp.swift in Sources */,
				15C4DA532D9DC4AA0041A308 /* AppetizersTabView.swift in Sources */,
				1525BAB32D9EDE61009BBCC0 /* NetworkManager.swift in Sources */,
				15DF89EF2DA03E7E00D0B52C /* AppetizerDetailView.swift in Sources */,
				1525BAA92D9EDA17009BBCC0 /* AppetizerCellView.swift in Sources */,
				1525BABB2D9EE887009BBCC0 /* Alert.swift in Sources */,
				159B6BD02D9DC56F00E61294 /* AppetizerListView.swift in Sources */,
				159B6BD42D9DC5BC00E61294 /* OrderView.swift in Sources */,
				15DF89F42DA047FC00D0B52C /* XDismissButton.swift in Sources */,
			);
			runOnlyForDeploymentPostprocessing = 0;
		};
/* End PBXSourcesBuildPhase section */

/* Begin XCBuildConfiguration section */
		15C4DA492D9DC49D0041A308 /* Debug */ = {
			isa = XCBuildConfiguration;
			buildSettings = {
				ALWAYS_SEARCH_USER_PATHS = NO;
				ASSETCATALOG_COMPILER_GENERATE_SWIFT_ASSET_SYMBOL_EXTENSIONS = YES;
				CLANG_ANALYZER_NONNULL = YES;
				CLANG_ANALYZER_NUMBER_OBJECT_CONVERSION = YES_AGGRESSIVE;
				CLANG_CXX_LANGUAGE_STANDARD = "gnu++20";
				CLANG_ENABLE_MODULES = YES;
				CLANG_ENABLE_OBJC_ARC = YES;
				CLANG_ENABLE_OBJC_WEAK = YES;
				CLANG_WARN_BLOCK_CAPTURE_AUTORELEASING = YES;
				CLANG_WARN_BOOL_CONVERSION = YES;
				CLANG_WARN_COMMA = YES;
				CLANG_WARN_CONSTANT_CONVERSION = YES;
				CLANG_WARN_DEPRECATED_OBJC_IMPLEMENTATIONS = YES;
				CLANG_WARN_DIRECT_OBJC_ISA_USAGE = YES_ERROR;
				CLANG_WARN_DOCUMENTATION_COMMENTS = YES;
				CLANG_WARN_EMPTY_BODY = YES;
				CLANG_WARN_ENUM_CONVERSION = YES;
				CLANG_WARN_INFINITE_RECURSION = YES;
				CLANG_WARN_INT_CONVERSION = YES;
				CLANG_WARN_NON_LITERAL_NULL_CONVERSION = YES;
				CLANG_WARN_OBJC_IMPLICIT_RETAIN_SELF = YES;
				CLANG_WARN_OBJC_LITERAL_CONVERSION = YES;
				CLANG_WARN_OBJC_ROOT_CLASS = YES_ERROR;
				CLANG_WARN_QUOTED_INCLUDE_IN_FRAMEWORK_HEADER = YES;
				CLANG_WARN_RANGE_LOOP_ANALYSIS = YES;
				CLANG_WARN_STRICT_PROTOTYPES = YES;
				CLANG_WARN_SUSPICIOUS_MOVE = YES;
				CLANG_WARN_UNGUARDED_AVAILABILITY = YES_AGGRESSIVE;
				CLANG_WARN_UNREACHABLE_CODE = YES;
				CLANG_WARN__DUPLICATE_METHOD_MATCH = YES;
				COPY_PHASE_STRIP = NO;
				DEBUG_INFORMATION_FORMAT = dwarf;
				ENABLE_STRICT_OBJC_MSGSEND = YES;
				ENABLE_TESTABILITY = YES;
				ENABLE_USER_SCRIPT_SANDBOXING = YES;
				GCC_C_LANGUAGE_STANDARD = gnu17;
				GCC_DYNAMIC_NO_PIC = NO;
				GCC_NO_COMMON_BLOCKS = YES;
				GCC_OPTIMIZATION_LEVEL = 0;
				GCC_PREPROCESSOR_DEFINITIONS = (
					"DEBUG=1",
					"$(inherited)",
				);
				GCC_WARN_64_TO_32_BIT_CONVERSION = YES;
				GCC_WARN_ABOUT_RETURN_TYPE = YES_ERROR;
				GCC_WARN_UNDECLARED_SELECTOR = YES;
				GCC_WARN_UNINITIALIZED_AUTOS = YES_AGGRESSIVE;
				GCC_WARN_UNUSED_FUNCTION = YES;
				GCC_WARN_UNUSED_VARIABLE = YES;
				IPHONEOS_DEPLOYMENT_TARGET = 18.4;
				LOCALIZATION_PREFERS_STRING_CATALOGS = YES;
				MTL_ENABLE_DEBUG_INFO = INCLUDE_SOURCE;
				MTL_FAST_MATH = YES;
				ONLY_ACTIVE_ARCH = YES;
				SDKROOT = iphoneos;
				SWIFT_ACTIVE_COMPILATION_CONDITIONS = "DEBUG $(inherited)";
				SWIFT_OPTIMIZATION_LEVEL = "-Onone";
			};
			name = Debug;
		};
		15C4DA4A2D9DC49D0041A308 /* Release */ = {
			isa = XCBuildConfiguration;
			buildSettings = {
				ALWAYS_SEARCH_USER_PATHS = NO;
				ASSETCATALOG_COMPILER_GENERATE_SWIFT_ASSET_SYMBOL_EXTENSIONS = YES;
				CLANG_ANALYZER_NONNULL = YES;
				CLANG_ANALYZER_NUMBER_OBJECT_CONVERSION = YES_AGGRESSIVE;
				CLANG_CXX_LANGUAGE_STANDARD = "gnu++20";
				CLANG_ENABLE_MODULES = YES;
				CLANG_ENABLE_OBJC_ARC = YES;
				CLANG_ENABLE_OBJC_WEAK = YES;
				CLANG_WARN_BLOCK_CAPTURE_AUTORELEASING = YES;
				CLANG_WARN_BOOL_CONVERSION = YES;
				CLANG_WARN_COMMA = YES;
				CLANG_WARN_CONSTANT_CONVERSION = YES;
				CLANG_WARN_DEPRECATED_OBJC_IMPLEMENTATIONS = YES;
				CLANG_WARN_DIRECT_OBJC_ISA_USAGE = YES_ERROR;
				CLANG_WARN_DOCUMENTATION_COMMENTS = YES;
				CLANG_WARN_EMPTY_BODY = YES;
				CLANG_WARN_ENUM_CONVERSION = YES;
				CLANG_WARN_INFINITE_RECURSION = YES;
				CLANG_WARN_INT_CONVERSION = YES;
				CLANG_WARN_NON_LITERAL_NULL_CONVERSION = YES;
				CLANG_WARN_OBJC_IMPLICIT_RETAIN_SELF = YES;
				CLANG_WARN_OBJC_LITERAL_CONVERSION = YES;
				CLANG_WARN_OBJC_ROOT_CLASS = YES_ERROR;
				CLANG_WARN_QUOTED_INCLUDE_IN_FRAMEWORK_HEADER = YES;
				CLANG_WARN_RANGE_LOOP_ANALYSIS = YES;
				CLANG_WARN_STRICT_PROTOTYPES = YES;
				CLANG_WARN_SUSPICIOUS_MOVE = YES;
				CLANG_WARN_UNGUARDED_AVAILABILITY = YES_AGGRESSIVE;
				CLANG_WARN_UNREACHABLE_CODE = YES;
				CLANG_WARN__DUPLICATE_METHOD_MATCH = YES;
				COPY_PHASE_STRIP = NO;
				DEBUG_INFORMATION_FORMAT = "dwarf-with-dsym";
				ENABLE_NS_ASSERTIONS = NO;
				ENABLE_STRICT_OBJC_MSGSEND = YES;
				ENABLE_USER_SCRIPT_SANDBOXING = YES;
				GCC_C_LANGUAGE_STANDARD = gnu17;
				GCC_NO_COMMON_BLOCKS = YES;
				GCC_WARN_64_TO_32_BIT_CONVERSION = YES;
				GCC_WARN_ABOUT_RETURN_TYPE = YES_ERROR;
				GCC_WARN_UNDECLARED_SELECTOR = YES;
				GCC_WARN_UNINITIALIZED_AUTOS = YES_AGGRESSIVE;
				GCC_WARN_UNUSED_FUNCTION = YES;
				GCC_WARN_UNUSED_VARIABLE = YES;
				IPHONEOS_DEPLOYMENT_TARGET = 18.4;
				LOCALIZATION_PREFERS_STRING_CATALOGS = YES;
				MTL_ENABLE_DEBUG_INFO = NO;
				MTL_FAST_MATH = YES;
				SDKROOT = iphoneos;
				SWIFT_COMPILATION_MODE = wholemodule;
				VALIDATE_PRODUCT = YES;
			};
			name = Release;
		};
		15C4DA4C2D9DC49D0041A308 /* Debug */ = {
			isa = XCBuildConfiguration;
			buildSettings = {
				ASSETCATALOG_COMPILER_APPICON_NAME = AppIcon;
				ASSETCATALOG_COMPILER_GLOBAL_ACCENT_COLOR_NAME = AccentColor;
				CODE_SIGN_STYLE = Automatic;
				CURRENT_PROJECT_VERSION = 1;
				ENABLE_PREVIEWS = YES;
				GENERATE_INFOPLIST_FILE = YES;
				INFOPLIST_KEY_UIApplicationSceneManifest_Generation = YES;
				INFOPLIST_KEY_UIApplicationSupportsIndirectInputEvents = YES;
				INFOPLIST_KEY_UILaunchScreen_Generation = YES;
				INFOPLIST_KEY_UISupportedInterfaceOrientations_iPad = "UIInterfaceOrientationPortrait UIInterfaceOrientationPortraitUpsideDown UIInterfaceOrientationLandscapeLeft UIInterfaceOrientationLandscapeRight";
				INFOPLIST_KEY_UISupportedInterfaceOrientations_iPhone = "UIInterfaceOrientationPortrait UIInterfaceOrientationLandscapeLeft UIInterfaceOrientationLandscapeRight";
				LD_RUNPATH_SEARCH_PATHS = (
					"$(inherited)",
					"@executable_path/Frameworks",
				);
				MARKETING_VERSION = 1.0;
				PRODUCT_BUNDLE_IDENTIFIER = com.sahas.Appetizers;
				PRODUCT_NAME = "$(TARGET_NAME)";
				SWIFT_EMIT_LOC_STRINGS = YES;
				SWIFT_VERSION = 5.0;
				TARGETED_DEVICE_FAMILY = "1,2";
			};
			name = Debug;
		};
		15C4DA4D2D9DC49D0041A308 /* Release */ = {
			isa = XCBuildConfiguration;
			buildSettings = {
				ASSETCATALOG_COMPILER_APPICON_NAME = AppIcon;
				ASSETCATALOG_COMPILER_GLOBAL_ACCENT_COLOR_NAME = AccentColor;
				CODE_SIGN_STYLE = Automatic;
				CURRENT_PROJECT_VERSION = 1;
				ENABLE_PREVIEWS = YES;
				GENERATE_INFOPLIST_FILE = YES;
				INFOPLIST_KEY_UIApplicationSceneManifest_Generation = YES;
				INFOPLIST_KEY_UIApplicationSupportsIndirectInputEvents = YES;
				INFOPLIST_KEY_UILaunchScreen_Generation = YES;
				INFOPLIST_KEY_UISupportedInterfaceOrientations_iPad = "UIInterfaceOrientationPortrait UIInterfaceOrientationPortraitUpsideDown UIInterfaceOrientationLandscapeLeft UIInterfaceOrientationLandscapeRight";
				INFOPLIST_KEY_UISupportedInterfaceOrientations_iPhone = "UIInterfaceOrientationPortrait UIInterfaceOrientationLandscapeLeft UIInterfaceOrientationLandscapeRight";
				LD_RUNPATH_SEARCH_PATHS = (
					"$(inherited)",
					"@executable_path/Frameworks",
				);
				MARKETING_VERSION = 1.0;
				PRODUCT_BUNDLE_IDENTIFIER = com.sahas.Appetizers;
				PRODUCT_NAME = "$(TARGET_NAME)";
				SWIFT_EMIT_LOC_STRINGS = YES;
				SWIFT_VERSION = 5.0;
				TARGETED_DEVICE_FAMILY = "1,2";
			};
			name = Release;
		};
/* End XCBuildConfiguration section */

/* Begin XCConfigurationList section */
		15C4DA3B2D9DC49C0041A308 /* Build configuration list for PBXProject "Appetizers" */ = {
			isa = XCConfigurationList;
			buildConfigurations = (
				15C4DA492D9DC49D0041A308 /* Debug */,
				15C4DA4A2D9DC49D0041A308 /* Release */,
			);
			defaultConfigurationIsVisible = 0;
			defaultConfigurationName = Release;
		};
		15C4DA4B2D9DC49D0041A308 /* Build configuration list for PBXNativeTarget "Appetizers" */ = {
			isa = XCConfigurationList;
			buildConfigurations = (
				15C4DA4C2D9DC49D0041A308 /* Debug */,
				15C4DA4D2D9DC49D0041A308 /* Release */,
			);
			defaultConfigurationIsVisible = 0;
			defaultConfigurationName = Release;
		};
/* End XCConfigurationList section */
	};
	rootObject = 15C4DA382D9DC49C0041A308 /* Project object */;
}
